# THIS IS AN AUTOGENERATED FILE. DO NOT EDIT THIS FILE DIRECTLY.
# yarn lockfile v1


"@vant/weapp@^1.6.8":
  version "1.6.8"
  resolved "https://registry.npm.taobao.org/@vant/weapp/download/@vant/weapp-1.6.8.tgz#948ae16fba07c5a2054c52783f22aaf6a04453e1"
  integrity sha1-lIrhb7oHxaIFTFJ4PyKq9qBEU+E=

underscore@^1.12.0:
  version "1.12.0"
  resolved "https://registry.npm.taobao.org/underscore/download/underscore-1.12.0.tgz?cache=0&sync_timestamp=1615255114762&other_urls=https%3A%2F%2Fregistry.npm.taobao.org%2Funderscore%2Fdownload%2Funderscore-1.12.0.tgz#4814940551fc80587cef7840d1ebb0f16453be97"
  integrity sha1-SBSUBVH8gFh873hA0euw8WRTvpc=
